
Microsoft Visual Studio Solution File, Format Version 12.00
# Visual Studio Version 16
VisualStudioVersion = 16.0.33927.289
MinimumVisualStudioVersion = 10.0.40219.1
Project("{2150E333-8FDC-42A3-9474-1A3956D46DE8}") = "Task0", "Task0", "{89E6370B-6B9E-44F9-9F84-7231735E7070}"
EndProject
Project("{FAE04EC0-301F-11D3-BF4B-00C04F79EFBC}") = "Tyuiu.LomakinVI.Sprint1.Task0.V26", "Tyuiu.LomakinVI.Sprint1.Task0.V26\Tyuiu.LomakinVI.Sprint1.Task0.V26.csproj", "{624F7365-B3A6-46F9-AA08-0A3C18B2E582}"
EndProject
Project("{FAE04EC0-301F-11D3-BF4B-00C04F79EFBC}") = "Tyuiu.LomakinVI.Sprint1.Task0.V26.Lib", "Tyuiu.LomakinVI.Sprint1.Task0.V26.Lib\Tyuiu.LomakinVI.Sprint1.Task0.V26.Lib.csproj", "{65D2B788-997A-4813-A4B6-E9573DBC231E}"
EndProject
Project("{FAE04EC0-301F-11D3-BF4B-00C04F79EFBC}") = "Tyuiu.LomakinVI.Sprint1.Task0.V26.Test", "Tyuiu.LomakinVI.Sprint1.Task0.V26.Test\Tyuiu.LomakinVI.Sprint1.Task0.V26.Test.csproj", "{C66C6AB7-8D7D-4676-943D-660C56B27A88}"
EndProject
Project("{2150E333-8FDC-42A3-9474-1A3956D46DE8}") = "Task1", "Task1", "{E9C8D2AC-2258-4E71-8D4D-DE75FCED2AF7}"
EndProject
Project("{FAE04EC0-301F-11D3-BF4B-00C04F79EFBC}") = "Tyuiu.LomakinVI.Sprint1.Task1.V13", "Tyuiu.LomakinVI.Sprint1.Task1.V13\Tyuiu.LomakinVI.Sprint1.Task1.V13.csproj", "{085672C4-8DEA-4FA5-B87F-12A8A2D19FCC}"
EndProject
Project("{FAE04EC0-301F-11D3-BF4B-00C04F79EFBC}") = "Tyuiu.LomakinVI.Sprint1.Task1.V13.Lib", "Tyuiu.LomakinVI.Sprint1.Task1.V13.Lib\Tyuiu.LomakinVI.Sprint1.Task1.V13.Lib.csproj", "{B846154B-6110-444A-B03E-3E45D550F67A}"
EndProject
Project("{FAE04EC0-301F-11D3-BF4B-00C04F79EFBC}") = "Tyuiu.LomakinVI.Sprint1.Task1.V13.Test", "Tyuiu.LomakinVI.Sprint1.Task1.V13.Test\Tyuiu.LomakinVI.Sprint1.Task1.V13.Test.csproj", "{CF48102C-38E5-4078-8950-AB8EA4C751B7}"
EndProject
Project("{2150E333-8FDC-42A3-9474-1A3956D46DE8}") = "Task2", "Task2", "{7A1FABA1-4303-428A-AFED-62F40F8AC5EB}"
EndProject
Project("{FAE04EC0-301F-11D3-BF4B-00C04F79EFBC}") = "Tyuiu.LomakinVI.Sprint1.Task2.V6.Test", "Tyuiu.LomakinVI.Sprint1.Task2.V6.Test\Tyuiu.LomakinVI.Sprint1.Task2.V6.Test.csproj", "{1EA525E7-1850-4125-89D0-BAA05655323F}"
EndProject
Project("{FAE04EC0-301F-11D3-BF4B-00C04F79EFBC}") = "Tyuiu.LomakinVI.Sprint1.Task2.V6.Lib", "Tyuiu.LomakinVI.Sprint1.Task2.V6.Lib\Tyuiu.LomakinVI.Sprint1.Task2.V6.Lib.csproj", "{9F71073D-AC0E-4D34-A399-D2418D4DE335}"
EndProject
Project("{FAE04EC0-301F-11D3-BF4B-00C04F79EFBC}") = "Tyuiu.LomakinVI.Sprint1.Task2.V6", "Tyuiu.LomakinVI.Sprint1.Task2.V6\Tyuiu.LomakinVI.Sprint1.Task2.V6.csproj", "{41D19EDA-9F29-4895-B6BA-B18F91749664}"
EndProject
Project("{2150E333-8FDC-42A3-9474-1A3956D46DE8}") = "Task3", "Task3", "{C8573C19-2D55-4CBB-BC3E-58131B99CEE0}"
EndProject
Project("{FAE04EC0-301F-11D3-BF4B-00C04F79EFBC}") = "Tyuiu.LomakinVI.Sprint1.Task3.V6", "Tyuiu.LomakinVI.Sprint1.Task3.V6\Tyuiu.LomakinVI.Sprint1.Task3.V6.csproj", "{FDD74253-ADB8-4F2C-864F-8EAD83CE518D}"
EndProject
Project("{FAE04EC0-301F-11D3-BF4B-00C04F79EFBC}") = "Tyuiu.LomakinVI.Sprint1.Task3.V6.Lib", "Tyuiu.LomakinVI.Sprint1.Task3.V6.Lib\Tyuiu.LomakinVI.Sprint1.Task3.V6.Lib.csproj", "{BC3818BF-8B94-49DE-BCEF-253ECC6316FE}"
EndProject
Project("{FAE04EC0-301F-11D3-BF4B-00C04F79EFBC}") = "Tyuiu.LomakinVI.Sprint1.Task3.V6.Test", "Tyuiu.LomakinVI.Sprint1.Task3.V6.Test\Tyuiu.LomakinVI.Sprint1.Task3.V6.Test.csproj", "{7E44F612-1C79-44C7-A134-D952D8514399}"
EndProject
Project("{2150E333-8FDC-42A3-9474-1A3956D46DE8}") = "Task4", "Task4", "{EC3F8122-A4B8-41AD-8FBF-628B6EC10758}"
EndProject
Project("{FAE04EC0-301F-11D3-BF4B-00C04F79EFBC}") = "Tyuiu.LomakinVI.Sprint1.Task4.V25", "Tyuiu.LomakinVI.Sprint1.Task4.V25\Tyuiu.LomakinVI.Sprint1.Task4.V25.csproj", "{C183FE5E-6B3A-4FF7-9DE9-878243DCE34E}"
EndProject
Project("{FAE04EC0-301F-11D3-BF4B-00C04F79EFBC}") = "Tyuiu.LomakinVI.Sprint1.Task4.V25.Lib", "Tyuiu.LomakinVI.Sprint1.Task4.V25.Lib\Tyuiu.LomakinVI.Sprint1.Task4.V25.Lib.csproj", "{89D2494D-DA68-40DE-B2DA-E600A044F315}"
EndProject
Project("{FAE04EC0-301F-11D3-BF4B-00C04F79EFBC}") = "Tyuiu.LomakinVI.Sprint1.Task4.V25.Test", "Tyuiu.LomakinVI.Sprint1.Task4.V25.Test\Tyuiu.LomakinVI.Sprint1.Task4.V25.Test.csproj", "{C329F9FB-D3B2-483A-A20F-8175DF9DF786}"
EndProject
Project("{2150E333-8FDC-42A3-9474-1A3956D46DE8}") = "Task5", "Task5", "{B130962E-9A14-4265-B181-1CEE2CA62D90}"
EndProject
Project("{FAE04EC0-301F-11D3-BF4B-00C04F79EFBC}") = "Tyuiu.LomakinVI.Sprint1.Task5.V6", "Tyuiu.LomakinVI.Sprint1.Task5.V6\Tyuiu.LomakinVI.Sprint1.Task5.V6.csproj", "{175652E0-F13F-4C7B-9862-23D46B76C6F9}"
EndProject
Project("{FAE04EC0-301F-11D3-BF4B-00C04F79EFBC}") = "Tyuiu.LomakinVI.Sprint1.Task5.V6.Lib", "Tyuiu.LomakinVI.Sprint1.Task5.V6.Lib\Tyuiu.LomakinVI.Sprint1.Task5.V6.Lib.csproj", "{800A4B5E-7807-49A9-A1F2-0231C2FCDB6F}"
EndProject
Project("{FAE04EC0-301F-11D3-BF4B-00C04F79EFBC}") = "Tyuiu.LomakinVI.Sprint1.Task5.V6.Test", "Tyuiu.LomakinVI.Sprint1.Task5.V6.Test\Tyuiu.LomakinVI.Sprint1.Task5.V6.Test.csproj", "{A24BC358-A3D9-4699-BC49-DFA2B29E2948}"
EndProject
Project("{2150E333-8FDC-42A3-9474-1A3956D46DE8}") = "NewFolder1", "NewFolder1", "{2CA5F82B-1468-4A73-A22F-725A2E7580B9}"
EndProject
Project("{FAE04EC0-301F-11D3-BF4B-00C04F79EFBC}") = "Tyuiu.LomakinVI.Sprint1.Task6.V2", "Tyuiu.LomakinVI.Sprint1.Task6.V2\Tyuiu.LomakinVI.Sprint1.Task6.V2.csproj", "{F88275C0-9BBB-4A0F-97B3-61B2A9EAE1B6}"
EndProject
Project("{FAE04EC0-301F-11D3-BF4B-00C04F79EFBC}") = "Tyuiu.LomakinVI.Sprint1.Task6.V2.Lib", "Tyuiu.LomakinVI.Sprint1.Task6.V2.Lib\Tyuiu.LomakinVI.Sprint1.Task6.V2.Lib.csproj", "{5BC0589A-4954-4AF4-8171-EC80E3DE8DC0}"
EndProject
Project("{FAE04EC0-301F-11D3-BF4B-00C04F79EFBC}") = "Tyuiu.LomakinVI.Sprint1.Task6.V2.Test", "Tyuiu.LomakinVI.Sprint1.Task6.V2.Test\Tyuiu.LomakinVI.Sprint1.Task6.V2.Test.csproj", "{FB833FBA-9681-47FD-A595-5A4487CDF6EE}"
EndProject
Project("{2150E333-8FDC-42A3-9474-1A3956D46DE8}") = "NewFolder2", "NewFolder2", "{0A73FA69-4805-4609-AA23-6AC37B05FCBC}"
EndProject
Project("{FAE04EC0-301F-11D3-BF4B-00C04F79EFBC}") = "Tyuiu.LomakinVI.Sprint1.Task7V25", "Tyuiu.LomakinVI.Sprint1.Task7V25\Tyuiu.LomakinVI.Sprint1.Task7V25.csproj", "{C65EA65F-6358-40D7-AB1E-EB2099314A9A}"
EndProject
Project("{FAE04EC0-301F-11D3-BF4B-00C04F79EFBC}") = "Tyuiu.LomakinVI.Sprint1.Task7.V25.Lib", "Tyuiu.LomakinVI.Sprint1.Task7.V25.Lib\Tyuiu.LomakinVI.Sprint1.Task7.V25.Lib.csproj", "{C856C7C5-8DE4-4185-A5B3-674EDDE8FBDB}"
EndProject
Project("{FAE04EC0-301F-11D3-BF4B-00C04F79EFBC}") = "Tyuiu.LomakinVI.Sprint1.Task7.V25.Test", "Tyuiu.LomakinVI.Sprint1.Task7.V25.Test\Tyuiu.LomakinVI.Sprint1.Task7.V25.Test.csproj", "{E9D8A261-0E25-44EC-99CB-C2BF86F03BE8}"
EndProject
Global
	GlobalSection(SolutionConfigurationPlatforms) = preSolution
		Debug|Any CPU = Debug|Any CPU
		Release|Any CPU = Release|Any CPU
	EndGlobalSection
	GlobalSection(ProjectConfigurationPlatforms) = postSolution
		{624F7365-B3A6-46F9-AA08-0A3C18B2E582}.Debug|Any CPU.ActiveCfg = Debug|Any CPU
		{624F7365-B3A6-46F9-AA08-0A3C18B2E582}.Debug|Any CPU.Build.0 = Debug|Any CPU
		{624F7365-B3A6-46F9-AA08-0A3C18B2E582}.Release|Any CPU.ActiveCfg = Release|Any CPU
		{624F7365-B3A6-46F9-AA08-0A3C18B2E582}.Release|Any CPU.Build.0 = Release|Any CPU
		{65D2B788-997A-4813-A4B6-E9573DBC231E}.Debug|Any CPU.ActiveCfg = Debug|Any CPU
		{65D2B788-997A-4813-A4B6-E9573DBC231E}.Debug|Any CPU.Build.0 = Debug|Any CPU
		{65D2B788-997A-4813-A4B6-E9573DBC231E}.Release|Any CPU.ActiveCfg = Release|Any CPU
		{65D2B788-997A-4813-A4B6-E9573DBC231E}.Release|Any CPU.Build.0 = Release|Any CPU
		{C66C6AB7-8D7D-4676-943D-660C56B27A88}.Debug|Any CPU.ActiveCfg = Debug|Any CPU
		{C66C6AB7-8D7D-4676-943D-660C56B27A88}.Debug|Any CPU.Build.0 = Debug|Any CPU
		{C66C6AB7-8D7D-4676-943D-660C56B27A88}.Release|Any CPU.ActiveCfg = Release|Any CPU
		{C66C6AB7-8D7D-4676-943D-660C56B27A88}.Release|Any CPU.Build.0 = Release|Any CPU
		{085672C4-8DEA-4FA5-B87F-12A8A2D19FCC}.Debug|Any CPU.ActiveCfg = Debug|Any CPU
		{085672C4-8DEA-4FA5-B87F-12A8A2D19FCC}.Debug|Any CPU.Build.0 = Debug|Any CPU
		{085672C4-8DEA-4FA5-B87F-12A8A2D19FCC}.Release|Any CPU.ActiveCfg = Release|Any CPU
		{085672C4-8DEA-4FA5-B87F-12A8A2D19FCC}.Release|Any CPU.Build.0 = Release|Any CPU
		{B846154B-6110-444A-B03E-3E45D550F67A}.Debug|Any CPU.ActiveCfg = Debug|Any CPU
		{B846154B-6110-444A-B03E-3E45D550F67A}.Debug|Any CPU.Build.0 = Debug|Any CPU
		{B846154B-6110-444A-B03E-3E45D550F67A}.Release|Any CPU.ActiveCfg = Release|Any CPU
		{B846154B-6110-444A-B03E-3E45D550F67A}.Release|Any CPU.Build.0 = Release|Any CPU
		{CF48102C-38E5-4078-8950-AB8EA4C751B7}.Debug|Any CPU.ActiveCfg = Debug|Any CPU
		{CF48102C-38E5-4078-8950-AB8EA4C751B7}.Debug|Any CPU.Build.0 = Debug|Any CPU
		{CF48102C-38E5-4078-8950-AB8EA4C751B7}.Release|Any CPU.ActiveCfg = Release|Any CPU
		{CF48102C-38E5-4078-8950-AB8EA4C751B7}.Release|Any CPU.Build.0 = Release|Any CPU
		{1EA525E7-1850-4125-89D0-BAA05655323F}.Debug|Any CPU.ActiveCfg = Debug|Any CPU
		{1EA525E7-1850-4125-89D0-BAA05655323F}.Debug|Any CPU.Build.0 = Debug|Any CPU
		{1EA525E7-1850-4125-89D0-BAA05655323F}.Release|Any CPU.ActiveCfg = Release|Any CPU
		{1EA525E7-1850-4125-89D0-BAA05655323F}.Release|Any CPU.Build.0 = Release|Any CPU
		{9F71073D-AC0E-4D34-A399-D2418D4DE335}.Debug|Any CPU.ActiveCfg = Debug|Any CPU
		{9F71073D-AC0E-4D34-A399-D2418D4DE335}.Debug|Any CPU.Build.0 = Debug|Any CPU
		{9F71073D-AC0E-4D34-A399-D2418D4DE335}.Release|Any CPU.ActiveCfg = Release|Any CPU
		{9F71073D-AC0E-4D34-A399-D2418D4DE335}.Release|Any CPU.Build.0 = Release|Any CPU
		{41D19EDA-9F29-4895-B6BA-B18F91749664}.Debug|Any CPU.ActiveCfg = Debug|Any CPU
		{41D19EDA-9F29-4895-B6BA-B18F91749664}.Debug|Any CPU.Build.0 = Debug|Any CPU
		{41D19EDA-9F29-4895-B6BA-B18F91749664}.Release|Any CPU.ActiveCfg = Release|Any CPU
		{41D19EDA-9F29-4895-B6BA-B18F91749664}.Release|Any CPU.Build.0 = Release|Any CPU
		{FDD74253-ADB8-4F2C-864F-8EAD83CE518D}.Debug|Any CPU.ActiveCfg = Debug|Any CPU
		{FDD74253-ADB8-4F2C-864F-8EAD83CE518D}.Debug|Any CPU.Build.0 = Debug|Any CPU
		{FDD74253-ADB8-4F2C-864F-8EAD83CE518D}.Release|Any CPU.ActiveCfg = Release|Any CPU
		{FDD74253-ADB8-4F2C-864F-8EAD83CE518D}.Release|Any CPU.Build.0 = Release|Any CPU
		{BC3818BF-8B94-49DE-BCEF-253ECC6316FE}.Debug|Any CPU.ActiveCfg = Debug|Any CPU
		{BC3818BF-8B94-49DE-BCEF-253ECC6316FE}.Debug|Any CPU.Build.0 = Debug|Any CPU
		{BC3818BF-8B94-49DE-BCEF-253ECC6316FE}.Release|Any CPU.ActiveCfg = Release|Any CPU
		{BC3818BF-8B94-49DE-BCEF-253ECC6316FE}.Release|Any CPU.Build.0 = Release|Any CPU
		{7E44F612-1C79-44C7-A134-D952D8514399}.Debug|Any CPU.ActiveCfg = Debug|Any CPU
		{7E44F612-1C79-44C7-A134-D952D8514399}.Debug|Any CPU.Build.0 = Debug|Any CPU
		{7E44F612-1C79-44C7-A134-D952D8514399}.Release|Any CPU.ActiveCfg = Release|Any CPU
		{7E44F612-1C79-44C7-A134-D952D8514399}.Release|Any CPU.Build.0 = Release|Any CPU
		{C183FE5E-6B3A-4FF7-9DE9-878243DCE34E}.Debug|Any CPU.ActiveCfg = Debug|Any CPU
		{C183FE5E-6B3A-4FF7-9DE9-878243DCE34E}.Debug|Any CPU.Build.0 = Debug|Any CPU
		{C183FE5E-6B3A-4FF7-9DE9-878243DCE34E}.Release|Any CPU.ActiveCfg = Release|Any CPU
		{C183FE5E-6B3A-4FF7-9DE9-878243DCE34E}.Release|Any CPU.Build.0 = Release|Any CPU
		{89D2494D-DA68-40DE-B2DA-E600A044F315}.Debug|Any CPU.ActiveCfg = Debug|Any CPU
		{89D2494D-DA68-40DE-B2DA-E600A044F315}.Debug|Any CPU.Build.0 = Debug|Any CPU
		{89D2494D-DA68-40DE-B2DA-E600A044F315}.Release|Any CPU.ActiveCfg = Release|Any CPU
		{89D2494D-DA68-40DE-B2DA-E600A044F315}.Release|Any CPU.Build.0 = Release|Any CPU
		{C329F9FB-D3B2-483A-A20F-8175DF9DF786}.Debug|Any CPU.ActiveCfg = Debug|Any CPU
		{C329F9FB-D3B2-483A-A20F-8175DF9DF786}.Debug|Any CPU.Build.0 = Debug|Any CPU
		{C329F9FB-D3B2-483A-A20F-8175DF9DF786}.Release|Any CPU.ActiveCfg = Release|Any CPU
		{C329F9FB-D3B2-483A-A20F-8175DF9DF786}.Release|Any CPU.Build.0 = Release|Any CPU
		{175652E0-F13F-4C7B-9862-23D46B76C6F9}.Debug|Any CPU.ActiveCfg = Debug|Any CPU
		{175652E0-F13F-4C7B-9862-23D46B76C6F9}.Debug|Any CPU.Build.0 = Debug|Any CPU
		{175652E0-F13F-4C7B-9862-23D46B76C6F9}.Release|Any CPU.ActiveCfg = Release|Any CPU
		{175652E0-F13F-4C7B-9862-23D46B76C6F9}.Release|Any CPU.Build.0 = Release|Any CPU
		{800A4B5E-7807-49A9-A1F2-0231C2FCDB6F}.Debug|Any CPU.ActiveCfg = Debug|Any CPU
		{800A4B5E-7807-49A9-A1F2-0231C2FCDB6F}.Debug|Any CPU.Build.0 = Debug|Any CPU
		{800A4B5E-7807-49A9-A1F2-0231C2FCDB6F}.Release|Any CPU.ActiveCfg = Release|Any CPU
		{800A4B5E-7807-49A9-A1F2-0231C2FCDB6F}.Release|Any CPU.Build.0 = Release|Any CPU
		{A24BC358-A3D9-4699-BC49-DFA2B29E2948}.Debug|Any CPU.ActiveCfg = Debug|Any CPU
		{A24BC358-A3D9-4699-BC49-DFA2B29E2948}.Debug|Any CPU.Build.0 = Debug|Any CPU
		{A24BC358-A3D9-4699-BC49-DFA2B29E2948}.Release|Any CPU.ActiveCfg = Release|Any CPU
		{A24BC358-A3D9-4699-BC49-DFA2B29E2948}.Release|Any CPU.Build.0 = Release|Any CPU
		{F88275C0-9BBB-4A0F-97B3-61B2A9EAE1B6}.Debug|Any CPU.ActiveCfg = Debug|Any CPU
		{F88275C0-9BBB-4A0F-97B3-61B2A9EAE1B6}.Debug|Any CPU.Build.0 = Debug|Any CPU
		{F88275C0-9BBB-4A0F-97B3-61B2A9EAE1B6}.Release|Any CPU.ActiveCfg = Release|Any CPU
		{F88275C0-9BBB-4A0F-97B3-61B2A9EAE1B6}.Release|Any CPU.Build.0 = Release|Any CPU
		{5BC0589A-4954-4AF4-8171-EC80E3DE8DC0}.Debug|Any CPU.ActiveCfg = Debug|Any CPU
		{5BC0589A-4954-4AF4-8171-EC80E3DE8DC0}.Debug|Any CPU.Build.0 = Debug|Any CPU
		{5BC0589A-4954-4AF4-8171-EC80E3DE8DC0}.Release|Any CPU.ActiveCfg = Release|Any CPU
		{5BC0589A-4954-4AF4-8171-EC80E3DE8DC0}.Release|Any CPU.Build.0 = Release|Any CPU
		{FB833FBA-9681-47FD-A595-5A4487CDF6EE}.Debug|Any CPU.ActiveCfg = Debug|Any CPU
		{FB833FBA-9681-47FD-A595-5A4487CDF6EE}.Debug|Any CPU.Build.0 = Debug|Any CPU
		{FB833FBA-9681-47FD-A595-5A4487CDF6EE}.Release|Any CPU.ActiveCfg = Release|Any CPU
		{FB833FBA-9681-47FD-A595-5A4487CDF6EE}.Release|Any CPU.Build.0 = Release|Any CPU
		{C65EA65F-6358-40D7-AB1E-EB2099314A9A}.Debug|Any CPU.ActiveCfg = Debug|Any CPU
		{C65EA65F-6358-40D7-AB1E-EB2099314A9A}.Debug|Any CPU.Build.0 = Debug|Any CPU
		{C65EA65F-6358-40D7-AB1E-EB2099314A9A}.Release|Any CPU.ActiveCfg = Release|Any CPU
		{C65EA65F-6358-40D7-AB1E-EB2099314A9A}.Release|Any CPU.Build.0 = Release|Any CPU
		{C856C7C5-8DE4-4185-A5B3-674EDDE8FBDB}.Debug|Any CPU.ActiveCfg = Debug|Any CPU
		{C856C7C5-8DE4-4185-A5B3-674EDDE8FBDB}.Debug|Any CPU.Build.0 = Debug|Any CPU
		{C856C7C5-8DE4-4185-A5B3-674EDDE8FBDB}.Release|Any CPU.ActiveCfg = Release|Any CPU
		{C856C7C5-8DE4-4185-A5B3-674EDDE8FBDB}.Release|Any CPU.Build.0 = Release|Any CPU
		{E9D8A261-0E25-44EC-99CB-C2BF86F03BE8}.Debug|Any CPU.ActiveCfg = Debug|Any CPU
		{E9D8A261-0E25-44EC-99CB-C2BF86F03BE8}.Debug|Any CPU.Build.0 = Debug|Any CPU
		{E9D8A261-0E25-44EC-99CB-C2BF86F03BE8}.Release|Any CPU.ActiveCfg = Release|Any CPU
		{E9D8A261-0E25-44EC-99CB-C2BF86F03BE8}.Release|Any CPU.Build.0 = Release|Any CPU
	EndGlobalSection
	GlobalSection(SolutionProperties) = preSolution
		HideSolutionNode = FALSE
	EndGlobalSection
	GlobalSection(NestedProjects) = preSolution
		{624F7365-B3A6-46F9-AA08-0A3C18B2E582} = {89E6370B-6B9E-44F9-9F84-7231735E7070}
		{65D2B788-997A-4813-A4B6-E9573DBC231E} = {89E6370B-6B9E-44F9-9F84-7231735E7070}
		{C66C6AB7-8D7D-4676-943D-660C56B27A88} = {89E6370B-6B9E-44F9-9F84-7231735E7070}
		{085672C4-8DEA-4FA5-B87F-12A8A2D19FCC} = {E9C8D2AC-2258-4E71-8D4D-DE75FCED2AF7}
		{B846154B-6110-444A-B03E-3E45D550F67A} = {E9C8D2AC-2258-4E71-8D4D-DE75FCED2AF7}
		{CF48102C-38E5-4078-8950-AB8EA4C751B7} = {E9C8D2AC-2258-4E71-8D4D-DE75FCED2AF7}
		{1EA525E7-1850-4125-89D0-BAA05655323F} = {7A1FABA1-4303-428A-AFED-62F40F8AC5EB}
		{9F71073D-AC0E-4D34-A399-D2418D4DE335} = {7A1FABA1-4303-428A-AFED-62F40F8AC5EB}
		{41D19EDA-9F29-4895-B6BA-B18F91749664} = {7A1FABA1-4303-428A-AFED-62F40F8AC5EB}
		{FDD74253-ADB8-4F2C-864F-8EAD83CE518D} = {C8573C19-2D55-4CBB-BC3E-58131B99CEE0}
		{BC3818BF-8B94-49DE-BCEF-253ECC6316FE} = {C8573C19-2D55-4CBB-BC3E-58131B99CEE0}
		{7E44F612-1C79-44C7-A134-D952D8514399} = {C8573C19-2D55-4CBB-BC3E-58131B99CEE0}
		{C183FE5E-6B3A-4FF7-9DE9-878243DCE34E} = {EC3F8122-A4B8-41AD-8FBF-628B6EC10758}
		{89D2494D-DA68-40DE-B2DA-E600A044F315} = {EC3F8122-A4B8-41AD-8FBF-628B6EC10758}
		{C329F9FB-D3B2-483A-A20F-8175DF9DF786} = {EC3F8122-A4B8-41AD-8FBF-628B6EC10758}
		{175652E0-F13F-4C7B-9862-23D46B76C6F9} = {B130962E-9A14-4265-B181-1CEE2CA62D90}
		{800A4B5E-7807-49A9-A1F2-0231C2FCDB6F} = {B130962E-9A14-4265-B181-1CEE2CA62D90}
		{A24BC358-A3D9-4699-BC49-DFA2B29E2948} = {B130962E-9A14-4265-B181-1CEE2CA62D90}
		{F88275C0-9BBB-4A0F-97B3-61B2A9EAE1B6} = {2CA5F82B-1468-4A73-A22F-725A2E7580B9}
		{5BC0589A-4954-4AF4-8171-EC80E3DE8DC0} = {2CA5F82B-1468-4A73-A22F-725A2E7580B9}
		{FB833FBA-9681-47FD-A595-5A4487CDF6EE} = {2CA5F82B-1468-4A73-A22F-725A2E7580B9}
		{C65EA65F-6358-40D7-AB1E-EB2099314A9A} = {0A73FA69-4805-4609-AA23-6AC37B05FCBC}
		{C856C7C5-8DE4-4185-A5B3-674EDDE8FBDB} = {0A73FA69-4805-4609-AA23-6AC37B05FCBC}
		{E9D8A261-0E25-44EC-99CB-C2BF86F03BE8} = {0A73FA69-4805-4609-AA23-6AC37B05FCBC}
	EndGlobalSection
	GlobalSection(ExtensibilityGlobals) = postSolution
		SolutionGuid = {1ED936D6-91BF-474A-AC46-F361C7954246}
	EndGlobalSection
EndGlobal
