
Microsoft Visual Studio Solution File, Format Version 12.00
# Visual Studio Version 16
VisualStudioVersion = 16.0.33927.289
MinimumVisualStudioVersion = 10.0.40219.1
Project("{2150E333-8FDC-42A3-9474-1A3956D46DE8}") = "Task0", "Task0", "{89E6370B-6B9E-44F9-9F84-7231735E7070}"
EndProject
Project("{FAE04EC0-301F-11D3-BF4B-00C04F79EFBC}") = "Tyuiu.LomakinVI.Sprint1.Task0.V26", "Tyuiu.LomakinVI.Sprint1.Task0.V26\Tyuiu.LomakinVI.Sprint1.Task0.V26.csproj", "{624F7365-B3A6-46F9-AA08-0A3C18B2E582}"
EndProject
Project("{FAE04EC0-301F-11D3-BF4B-00C04F79EFBC}") = "Tyuiu.LomakinVI.Sprint1.Task0.V26.Lib", "Tyuiu.LomakinVI.Sprint1.Task0.V26.Lib\Tyuiu.LomakinVI.Sprint1.Task0.V26.Lib.csproj", "{65D2B788-997A-4813-A4B6-E9573DBC231E}"
EndProject
Project("{FAE04EC0-301F-11D3-BF4B-00C04F79EFBC}") = "Tyuiu.LomakinVI.Sprint1.Task0.V26.Test", "Tyuiu.LomakinVI.Sprint1.Task0.V26.Test\Tyuiu.LomakinVI.Sprint1.Task0.V26.Test.csproj", "{C66C6AB7-8D7D-4676-943D-660C56B27A88}"
EndProject
Project("{2150E333-8FDC-42A3-9474-1A3956D46DE8}") = "Task1", "Task1", "{E9C8D2AC-2258-4E71-8D4D-DE75FCED2AF7}"
EndProject
Project("{FAE04EC0-301F-11D3-BF4B-00C04F79EFBC}") = "Tyuiu.LomakinVI.Sprint1.Task1.V13", "Tyuiu.LomakinVI.Sprint1.Task1.V13\Tyuiu.LomakinVI.Sprint1.Task1.V13.csproj", "{085672C4-8DEA-4FA5-B87F-12A8A2D19FCC}"
EndProject
Project("{FAE04EC0-301F-11D3-BF4B-00C04F79EFBC}") = "Tyuiu.LomakinVI.Sprint1.Task1.V13.Lib", "Tyuiu.LomakinVI.Sprint1.Task1.V13.Lib\Tyuiu.LomakinVI.Sprint1.Task1.V13.Lib.csproj", "{B846154B-6110-444A-B03E-3E45D550F67A}"
EndProject
Project("{FAE04EC0-301F-11D3-BF4B-00C04F79EFBC}") = "Tyuiu.LomakinVI.Sprint1.Task1.V13.Test", "Tyuiu.LomakinVI.Sprint1.Task1.V13.Test\Tyuiu.LomakinVI.Sprint1.Task1.V13.Test.csproj", "{CF48102C-38E5-4078-8950-AB8EA4C751B7}"
EndProject
Project("{2150E333-8FDC-42A3-9474-1A3956D46DE8}") = "Task2", "Task2", "{7A1FABA1-4303-428A-AFED-62F40F8AC5EB}"
EndProject
Project("{FAE04EC0-301F-11D3-BF4B-00C04F79EFBC}") = "Tyuiu.LomakinVI.Sprint1.Task2.V6.Test", "Tyuiu.LomakinVI.Sprint1.Task2.V6.Test\Tyuiu.LomakinVI.Sprint1.Task2.V6.Test.csproj", "{1EA525E7-1850-4125-89D0-BAA05655323F}"
EndProject
Project("{FAE04EC0-301F-11D3-BF4B-00C04F79EFBC}") = "Tyuiu.LomakinVI.Sprint1.Task2.V6.Lib", "Tyuiu.LomakinVI.Sprint1.Task2.V6.Lib\Tyuiu.LomakinVI.Sprint1.Task2.V6.Lib.csproj", "{9F71073D-AC0E-4D34-A399-D2418D4DE335}"
EndProject
Project("{FAE04EC0-301F-11D3-BF4B-00C04F79EFBC}") = "Tyuiu.LomakinVI.Sprint1.Task2.V6", "Tyuiu.LomakinVI.Sprint1.Task2.V6\Tyuiu.LomakinVI.Sprint1.Task2.V6.csproj", "{41D19EDA-9F29-4895-B6BA-B18F91749664}"
EndProject
Global
	GlobalSection(SolutionConfigurationPlatforms) = preSolution
		Debug|Any CPU = Debug|Any CPU
		Release|Any CPU = Release|Any CPU
	EndGlobalSection
	GlobalSection(ProjectConfigurationPlatforms) = postSolution
		{624F7365-B3A6-46F9-AA08-0A3C18B2E582}.Debug|Any CPU.ActiveCfg = Debug|Any CPU
		{624F7365-B3A6-46F9-AA08-0A3C18B2E582}.Debug|Any CPU.Build.0 = Debug|Any CPU
		{624F7365-B3A6-46F9-AA08-0A3C18B2E582}.Release|Any CPU.ActiveCfg = Release|Any CPU
		{624F7365-B3A6-46F9-AA08-0A3C18B2E582}.Release|Any CPU.Build.0 = Release|Any CPU
		{65D2B788-997A-4813-A4B6-E9573DBC231E}.Debug|Any CPU.ActiveCfg = Debug|Any CPU
		{65D2B788-997A-4813-A4B6-E9573DBC231E}.Debug|Any CPU.Build.0 = Debug|Any CPU
		{65D2B788-997A-4813-A4B6-E9573DBC231E}.Release|Any CPU.ActiveCfg = Release|Any CPU
		{65D2B788-997A-4813-A4B6-E9573DBC231E}.Release|Any CPU.Build.0 = Release|Any CPU
		{C66C6AB7-8D7D-4676-943D-660C56B27A88}.Debug|Any CPU.ActiveCfg = Debug|Any CPU
		{C66C6AB7-8D7D-4676-943D-660C56B27A88}.Debug|Any CPU.Build.0 = Debug|Any CPU
		{C66C6AB7-8D7D-4676-943D-660C56B27A88}.Release|Any CPU.ActiveCfg = Release|Any CPU
		{C66C6AB7-8D7D-4676-943D-660C56B27A88}.Release|Any CPU.Build.0 = Release|Any CPU
		{085672C4-8DEA-4FA5-B87F-12A8A2D19FCC}.Debug|Any CPU.ActiveCfg = Debug|Any CPU
		{085672C4-8DEA-4FA5-B87F-12A8A2D19FCC}.Debug|Any CPU.Build.0 = Debug|Any CPU
		{085672C4-8DEA-4FA5-B87F-12A8A2D19FCC}.Release|Any CPU.ActiveCfg = Release|Any CPU
		{085672C4-8DEA-4FA5-B87F-12A8A2D19FCC}.Release|Any CPU.Build.0 = Release|Any CPU
		{B846154B-6110-444A-B03E-3E45D550F67A}.Debug|Any CPU.ActiveCfg = Debug|Any CPU
		{B846154B-6110-444A-B03E-3E45D550F67A}.Debug|Any CPU.Build.0 = Debug|Any CPU
		{B846154B-6110-444A-B03E-3E45D550F67A}.Release|Any CPU.ActiveCfg = Release|Any CPU
		{B846154B-6110-444A-B03E-3E45D550F67A}.Release|Any CPU.Build.0 = Release|Any CPU
		{CF48102C-38E5-4078-8950-AB8EA4C751B7}.Debug|Any CPU.ActiveCfg = Debug|Any CPU
		{CF48102C-38E5-4078-8950-AB8EA4C751B7}.Debug|Any CPU.Build.0 = Debug|Any CPU
		{CF48102C-38E5-4078-8950-AB8EA4C751B7}.Release|Any CPU.ActiveCfg = Release|Any CPU
		{CF48102C-38E5-4078-8950-AB8EA4C751B7}.Release|Any CPU.Build.0 = Release|Any CPU
		{1EA525E7-1850-4125-89D0-BAA05655323F}.Debug|Any CPU.ActiveCfg = Debug|Any CPU
		{1EA525E7-1850-4125-89D0-BAA05655323F}.Debug|Any CPU.Build.0 = Debug|Any CPU
		{1EA525E7-1850-4125-89D0-BAA05655323F}.Release|Any CPU.ActiveCfg = Release|Any CPU
		{1EA525E7-1850-4125-89D0-BAA05655323F}.Release|Any CPU.Build.0 = Release|Any CPU
		{9F71073D-AC0E-4D34-A399-D2418D4DE335}.Debug|Any CPU.ActiveCfg = Debug|Any CPU
		{9F71073D-AC0E-4D34-A399-D2418D4DE335}.Debug|Any CPU.Build.0 = Debug|Any CPU
		{9F71073D-AC0E-4D34-A399-D2418D4DE335}.Release|Any CPU.ActiveCfg = Release|Any CPU
		{9F71073D-AC0E-4D34-A399-D2418D4DE335}.Release|Any CPU.Build.0 = Release|Any CPU
		{41D19EDA-9F29-4895-B6BA-B18F91749664}.Debug|Any CPU.ActiveCfg = Debug|Any CPU
		{41D19EDA-9F29-4895-B6BA-B18F91749664}.Debug|Any CPU.Build.0 = Debug|Any CPU
		{41D19EDA-9F29-4895-B6BA-B18F91749664}.Release|Any CPU.ActiveCfg = Release|Any CPU
		{41D19EDA-9F29-4895-B6BA-B18F91749664}.Release|Any CPU.Build.0 = Release|Any CPU
	EndGlobalSection
	GlobalSection(SolutionProperties) = preSolution
		HideSolutionNode = FALSE
	EndGlobalSection
	GlobalSection(NestedProjects) = preSolution
		{624F7365-B3A6-46F9-AA08-0A3C18B2E582} = {89E6370B-6B9E-44F9-9F84-7231735E7070}
		{65D2B788-997A-4813-A4B6-E9573DBC231E} = {89E6370B-6B9E-44F9-9F84-7231735E7070}
		{C66C6AB7-8D7D-4676-943D-660C56B27A88} = {89E6370B-6B9E-44F9-9F84-7231735E7070}
		{085672C4-8DEA-4FA5-B87F-12A8A2D19FCC} = {E9C8D2AC-2258-4E71-8D4D-DE75FCED2AF7}
		{B846154B-6110-444A-B03E-3E45D550F67A} = {E9C8D2AC-2258-4E71-8D4D-DE75FCED2AF7}
		{CF48102C-38E5-4078-8950-AB8EA4C751B7} = {E9C8D2AC-2258-4E71-8D4D-DE75FCED2AF7}
		{1EA525E7-1850-4125-89D0-BAA05655323F} = {7A1FABA1-4303-428A-AFED-62F40F8AC5EB}
		{9F71073D-AC0E-4D34-A399-D2418D4DE335} = {7A1FABA1-4303-428A-AFED-62F40F8AC5EB}
		{41D19EDA-9F29-4895-B6BA-B18F91749664} = {7A1FABA1-4303-428A-AFED-62F40F8AC5EB}
	EndGlobalSection
	GlobalSection(ExtensibilityGlobals) = postSolution
		SolutionGuid = {1ED936D6-91BF-474A-AC46-F361C7954246}
	EndGlobalSection
EndGlobal
